
Microsoft Visual Studio Solution File, Format Version 12.00
# Visual Studio Version 17
VisualStudioVersion = 17.11.35222.181
MinimumVisualStudioVersion = 10.0.40219.1
Project("{FAE04EC0-301F-11D3-BF4B-00C04F79EFBC}") = "NewProject", "NewProject\NewProject.csproj", "{9E6442E6-80B8-4640-85B1-F6979B179FFE}"
EndProject
Global
	GlobalSection(SolutionConfigurationPlatforms) = preSolution
		Debug|Any CPU = Debug|Any CPU
		Release|Any CPU = Release|Any CPU
	EndGlobalSection
	GlobalSection(ProjectConfigurationPlatforms) = postSolution
		{9E6442E6-80B8-4640-85B1-F6979B179FFE}.Debug|Any CPU.ActiveCfg = Debug|Any CPU
		{9E6442E6-80B8-4640-85B1-F6979B179FFE}.Debug|Any CPU.Build.0 = Debug|Any CPU
		{9E6442E6-80B8-4640-85B1-F6979B179FFE}.Release|Any CPU.ActiveCfg = Release|Any CPU
		{9E6442E6-80B8-4640-85B1-F6979B179FFE}.Release|Any CPU.Build.0 = Release|Any CPU
	EndGlobalSection
	GlobalSection(SolutionProperties) = preSolution
		HideSolutionNode = FALSE
	EndGlobalSection
	GlobalSection(ExtensibilityGlobals) = postSolution
		SolutionGuid = {D90F521C-D908-4576-951B-1866FB6A0164}
	EndGlobalSection
EndGlobal
